
Microsoft Visual Studio Solution File, Format Version 12.00
# Visual Studio Version 17
VisualStudioVersion = 17.0.31912.275
MinimumVisualStudioVersion = 10.0.40219.1
Project("{888888A0-9F3D-457C-B088-3A5042F75D52}") = "Python_colourfulDrawings", "Python_colourfulDrawings.pyproj", "{EBFC4AB2-CA13-4C0E-997D-61E38A3AF1B8}"
EndProject
Global
	GlobalSection(SolutionConfigurationPlatforms) = preSolution
		Debug|Any CPU = Debug|Any CPU
		Release|Any CPU = Release|Any CPU
	EndGlobalSection
	GlobalSection(ProjectConfigurationPlatforms) = postSolution
		{EBFC4AB2-CA13-4C0E-997D-61E38A3AF1B8}.Debug|Any CPU.ActiveCfg = Debug|Any CPU
		{EBFC4AB2-CA13-4C0E-997D-61E38A3AF1B8}.Release|Any CPU.ActiveCfg = Release|Any CPU
	EndGlobalSection
	GlobalSection(SolutionProperties) = preSolution
		HideSolutionNode = FALSE
	EndGlobalSection
	GlobalSection(ExtensibilityGlobals) = postSolution
		SolutionGuid = {38520250-7243-444E-B8C5-286CB5268578}
	EndGlobalSection
EndGlobal
